{
  "name": "lab-traffic-cam",
  "version": "0.0.0",
  "lockfileVersion": 1,
  "requires": true,
  "dependencies": {
    "@moovel/yolo": {
      "version": "0.1.9",
      "resolved": "https://registry.npmjs.org/@moovel/yolo/-/yolo-0.1.9.tgz",
      "integrity": "sha1-hK4fwsJh+N4SLYWIU92Fdgdl36Y=",
      "requires": {
        "bindings": "1.2.1",
        "nan": "2.6.2"
      }
    },
    "bindings": {
      "version": "1.2.1",
      "resolved": "https://registry.npmjs.org/bindings/-/bindings-1.2.1.tgz",
      "integrity": "sha1-FK1hE4EtLTfXLme0ystLtyZQXxE="
    },
    "lodash": {
      "version": "4.17.4",
      "resolved": "https://registry.npmjs.org/lodash/-/lodash-4.17.4.tgz",
      "integrity": "sha1-eCA6TRwyiuHYbcpkYONptX9AVa4="
    },
    "nan": {
      "version": "2.6.2",
      "resolved": "https://registry.npmjs.org/nan/-/nan-2.6.2.tgz",
      "integrity": "sha1-5P805slf37WuzAjeZZb0NgWn20U="
    }
  }
}
